# This file is automatically @generated by Poetry 1.8.3 and should not be changed by hand.

[[package]]
name = "dnspython"
version = "2.6.1"
description = "DNS toolkit"
optional = false
python-versions = ">=3.8"
files = [
    {file = "dnspython-2.6.1-py3-none-any.whl", hash = "sha256:5ef3b9680161f6fa89daf8ad451b5f1a33b18ae8a1c6778cdf4b43f08c0a6e50"},
    {file = "dnspython-2.6.1.tar.gz", hash = "sha256:e8f0f9c23a7b7cb99ded64e6c3a6f3e701d78f50c55e002b839dea7225cff7cc"},
]

[package.extras]
dev = ["black (>=23.1.0)", "coverage (>=7.0)", "flake8 (>=7)", "mypy (>=1.8)", "pylint (>=3)", "pytest (>=7.4)", "pytest-cov (>=4.1.0)", "sphinx (>=7.2.0)", "twine (>=4.0.0)", "wheel (>=0.42.0)"]
dnssec = ["cryptography (>=41)"]
doh = ["h2 (>=4.1.0)", "httpcore (>=1.0.0)", "httpx (>=0.26.0)"]
doq = ["aioquic (>=0.9.25)"]
idna = ["idna (>=3.6)"]
trio = ["trio (>=0.23)"]
wmi = ["wmi (>=1.5.1)"]

[[package]]
name = "meval"
version = "2.5"
description = "Performs async evaluations of strings"
optional = false
python-versions = ">=3.5"
files = [
    {file = "meval-2.5-py3-none-any.whl", hash = "sha256:24430865001b5596864a7c28f423294edadaac57af9ab6964dda3eabc8762577"},
    {file = "meval-2.5.tar.gz", hash = "sha256:a5aa481617f1fd07a5972076cd3aa14e38515ac84b3ff028efdf76371a856765"},
]

[[package]]
name = "motor"
version = "3.4.0"
description = "Non-blocking MongoDB driver for Tornado or asyncio"
optional = false
python-versions = ">=3.7"
files = [
    {file = "motor-3.4.0-py3-none-any.whl", hash = "sha256:4b1e1a0cc5116ff73be2c080a72da078f2bb719b53bc7a6bb9e9a2f7dcd421ed"},
    {file = "motor-3.4.0.tar.gz", hash = "sha256:c89b4e4eb2e711345e91c7c9b122cb68cce0e5e869ed0387dd0acb10775e3131"},
]

[package.dependencies]
pymongo = [
    {version = ">=4.5,<5"},
    {version = ">=4.5,<5", extras = ["srv"], optional = true, markers = "extra == \"srv\""},
]

[package.extras]
aws = ["pymongo[aws] (>=4.5,<5)"]
encryption = ["pymongo[encryption] (>=4.5,<5)"]
gssapi = ["pymongo[gssapi] (>=4.5,<5)"]
ocsp = ["pymongo[ocsp] (>=4.5,<5)"]
snappy = ["pymongo[snappy] (>=4.5,<5)"]
srv = ["pymongo[srv] (>=4.5,<5)"]
test = ["aiohttp (!=3.8.6)", "mockupdb", "motor[encryption]", "pytest (>=7)", "tornado (>=5)"]
zstd = ["pymongo[zstd] (>=4.5,<5)"]

[[package]]
name = "pyaes"
version = "1.6.1"
description = "Pure-Python Implementation of the AES block-cipher and common modes of operation"
optional = false
python-versions = "*"
files = [
    {file = "pyaes-1.6.1.tar.gz", hash = "sha256:02c1b1405c38d3c370b085fb952dd8bea3fadcee6411ad99f312cc129c536d8f"},
]

[[package]]
name = "pymediainfo-pyrofork"
version = "6.0.1"
description = "A Python wrapper for the mediainfo library."
optional = false
python-versions = ">=3.7"
files = [
    {file = "pymediainfo-pyrofork-6.0.1.tar.gz", hash = "sha256:42d109fcaae896033d4915bf73cb324a76d60a7ece43cb4daad6e06e2271177f"},
    {file = "pymediainfo_pyrofork-6.0.1-py2.py3-none-any.whl", hash = "sha256:54bd3d4b50c6cd40e779b23c8135b470ef38a873aa523b3a55cb001901890575"},
]

[[package]]
name = "pymongo"
version = "4.7.2"
description = "Python driver for MongoDB <http://www.mongodb.org>"
optional = false
python-versions = ">=3.7"
files = [
    {file = "pymongo-4.7.2-cp310-cp310-macosx_10_9_x86_64.whl", hash = "sha256:268d8578c0500012140c5460755ea405cbfe541ef47c81efa9d6744f0f99aeca"},
    {file = "pymongo-4.7.2-cp310-cp310-macosx_11_0_arm64.whl", hash = "sha256:827611beb6c483260d520cfa6a49662d980dfa5368a04296f65fa39e78fccea7"},
    {file = "pymongo-4.7.2-cp310-cp310-manylinux_2_17_aarch64.manylinux2014_aarch64.whl", hash = "sha256:a754e366c404d19ff3f077ddeed64be31e0bb515e04f502bf11987f1baa55a16"},
    {file = "pymongo-4.7.2-cp310-cp310-manylinux_2_17_ppc64le.manylinux2014_ppc64le.whl", hash = "sha256:c44efab10d9a3db920530f7bcb26af8f408b7273d2f0214081d3891979726328"},
    {file = "pymongo-4.7.2-cp310-cp310-manylinux_2_17_s390x.manylinux2014_s390x.whl", hash = "sha256:35b3f0c7d49724859d4df5f0445818d525824a6cd55074c42573d9b50764df67"},
    {file = "pymongo-4.7.2-cp310-cp310-manylinux_2_17_x86_64.manylinux2014_x86_64.whl", hash = "sha256:1e37faf298a37ffb3e0809e77fbbb0a32b6a2d18a83c59cfc2a7b794ea1136b0"},
    {file = "pymongo-4.7.2-cp310-cp310-manylinux_2_5_i686.manylinux1_i686.manylinux_2_17_i686.manylinux2014_i686.whl", hash = "sha256:d1bcd58669e56c08f1e72c5758868b5df169fe267501c949ee83c418e9df9155"},
    {file = "pymongo-4.7.2-cp310-cp310-win32.whl", hash = "sha256:c72d16fede22efe7cdd1f422e8da15760e9498024040429362886f946c10fe95"},
    {file = "pymongo-4.7.2-cp310-cp310-win_amd64.whl", hash = "sha256:12d1fef77d25640cb78893d07ff7d2fac4c4461d8eec45bd3b9ad491a1115d6e"},
    {file = "pymongo-4.7.2-cp311-cp311-macosx_10_9_x86_64.whl", hash = "sha256:fc5af24fcf5fc6f7f40d65446400d45dd12bea933d0299dc9e90c5b22197f1e9"},
    {file = "pymongo-4.7.2-cp311-cp311-macosx_11_0_arm64.whl", hash = "sha256:730778b6f0964b164c187289f906bbc84cb0524df285b7a85aa355bbec43eb21"},
    {file = "pymongo-4.7.2-cp311-cp311-manylinux_2_17_aarch64.manylinux2014_aarch64.whl", hash = "sha256:47a1a4832ef2f4346dcd1a10a36ade7367ad6905929ddb476459abb4fd1b98cb"},
    {file = "pymongo-4.7.2-cp311-cp311-manylinux_2_17_ppc64le.manylinux2014_ppc64le.whl", hash = "sha256:e6eab12c6385526d386543d6823b07187fefba028f0da216506e00f0e1855119"},
    {file = "pymongo-4.7.2-cp311-cp311-manylinux_2_17_s390x.manylinux2014_s390x.whl", hash = "sha256:37e9ea81fa59ee9274457ed7d59b6c27f6f2a5fe8e26f184ecf58ea52a019cb8"},
    {file = "pymongo-4.7.2-cp311-cp311-manylinux_2_17_x86_64.manylinux2014_x86_64.whl", hash = "sha256:7e9d9d2c0aae73aa4369bd373ac2ac59f02c46d4e56c4b6d6e250cfe85f76802"},
    {file = "pymongo-4.7.2-cp311-cp311-manylinux_2_5_i686.manylinux1_i686.manylinux_2_17_i686.manylinux2014_i686.whl", hash = "sha256:cb6e00a79dff22c9a72212ad82021b54bdb3b85f38a85f4fc466bde581d7d17a"},
    {file = "pymongo-4.7.2-cp311-cp311-win32.whl", hash = "sha256:02efd1bb3397e24ef2af45923888b41a378ce00cb3a4259c5f4fc3c70497a22f"},
    {file = "pymongo-4.7.2-cp311-cp311-win_amd64.whl", hash = "sha256:87bb453ac3eb44db95cb6d5a616fbc906c1c00661eec7f55696253a6245beb8a"},
    {file = "pymongo-4.7.2-cp312-cp312-macosx_10_9_x86_64.whl", hash = "sha256:12c466e02133b7f8f4ff1045c6b5916215c5f7923bc83fd6e28e290cba18f9f6"},
    {file = "pymongo-4.7.2-cp312-cp312-macosx_11_0_arm64.whl", hash = "sha256:f91073049c43d14e66696970dd708d319b86ee57ef9af359294eee072abaac79"},
    {file = "pymongo-4.7.2-cp312-cp312-manylinux_2_17_aarch64.manylinux2014_aarch64.whl", hash = "sha256:87032f818bf5052ab742812c715eff896621385c43f8f97cdd37d15b5d394e95"},
    {file = "pymongo-4.7.2-cp312-cp312-manylinux_2_17_ppc64le.manylinux2014_ppc64le.whl", hash = "sha256:6a87eef394039765679f75c6a47455a4030870341cb76eafc349c5944408c882"},
    {file = "pymongo-4.7.2-cp312-cp312-manylinux_2_17_s390x.manylinux2014_s390x.whl", hash = "sha256:d275596f840018858757561840767b39272ac96436fcb54f5cac6d245393fd97"},
    {file = "pymongo-4.7.2-cp312-cp312-manylinux_2_17_x86_64.manylinux2014_x86_64.whl", hash = "sha256:82102e353be13f1a6769660dd88115b1da382447672ba1c2662a0fbe3df1d861"},
    {file = "pymongo-4.7.2-cp312-cp312-manylinux_2_5_i686.manylinux1_i686.manylinux_2_17_i686.manylinux2014_i686.whl", hash = "sha256:194065c9d445017b3c82fb85f89aa2055464a080bde604010dc8eb932a6b3c95"},
    {file = "pymongo-4.7.2-cp312-cp312-win32.whl", hash = "sha256:db4380d1e69fdad1044a4b8f3bb105200542c49a0dde93452d938ff9db1d6d29"},
    {file = "pymongo-4.7.2-cp312-cp312-win_amd64.whl", hash = "sha256:fadc6e8db7707c861ebe25b13ad6aca19ea4d2c56bf04a26691f46c23dadf6e4"},
    {file = "pymongo-4.7.2-cp37-cp37m-macosx_10_9_x86_64.whl", hash = "sha256:2cb77d09bd012cb4b30636e7e38d00b5f9be5eb521c364bde66490c45ee6c4b4"},
    {file = "pymongo-4.7.2-cp37-cp37m-manylinux_2_17_aarch64.manylinux2014_aarch64.whl", hash = "sha256:56bf8b706946952acdea0fe478f8e44f1ed101c4b87f046859e6c3abe6c0a9f4"},
    {file = "pymongo-4.7.2-cp37-cp37m-manylinux_2_17_ppc64le.manylinux2014_ppc64le.whl", hash = "sha256:bcf337d1b252405779d9c79978d6ca15eab3cdaa2f44c100a79221bddad97c8a"},
    {file = "pymongo-4.7.2-cp37-cp37m-manylinux_2_17_s390x.manylinux2014_s390x.whl", hash = "sha256:4ffd1519edbe311df73c74ec338de7d294af535b2748191c866ea3a7c484cd15"},
    {file = "pymongo-4.7.2-cp37-cp37m-manylinux_2_17_x86_64.manylinux2014_x86_64.whl", hash = "sha256:d4d59776f435564159196d971aa89422ead878174aff8fe18e06d9a0bc6d648c"},
    {file = "pymongo-4.7.2-cp37-cp37m-manylinux_2_5_i686.manylinux1_i686.manylinux_2_17_i686.manylinux2014_i686.whl", hash = "sha256:347c49cf7f0ba49ea87c1a5a1984187ecc5516b7c753f31938bf7b37462824fd"},
    {file = "pymongo-4.7.2-cp37-cp37m-manylinux_2_5_i686.manylinux1_i686.whl", hash = "sha256:84bc00200c3cbb6c98a2bb964c9e8284b641e4a33cf10c802390552575ee21de"},
    {file = "pymongo-4.7.2-cp37-cp37m-manylinux_2_5_x86_64.manylinux1_x86_64.whl", hash = "sha256:fcaf8c911cb29316a02356f89dbc0e0dfcc6a712ace217b6b543805690d2aefd"},
    {file = "pymongo-4.7.2-cp37-cp37m-win32.whl", hash = "sha256:b48a5650ee5320d59f6d570bd99a8d5c58ac6f297a4e9090535f6561469ac32e"},
    {file = "pymongo-4.7.2-cp37-cp37m-win_amd64.whl", hash = "sha256:5239ef7e749f1326ea7564428bf861d5250aa39d7f26d612741b1b1273227062"},
    {file = "pymongo-4.7.2-cp38-cp38-macosx_10_9_x86_64.whl", hash = "sha256:d2dcf608d35644e8d276d61bf40a93339d8d66a0e5f3e3f75b2c155a421a1b71"},
    {file = "pymongo-4.7.2-cp38-cp38-macosx_11_0_arm64.whl", hash = "sha256:25eeb2c18ede63891cbd617943dd9e6b9cbccc54f276e0b2e693a0cc40f243c5"},
    {file = "pymongo-4.7.2-cp38-cp38-manylinux_2_17_aarch64.manylinux2014_aarch64.whl", hash = "sha256:9349f0bb17a31371d4cacb64b306e4ca90413a3ad1fffe73ac7cd495570d94b5"},
    {file = "pymongo-4.7.2-cp38-cp38-manylinux_2_17_ppc64le.manylinux2014_ppc64le.whl", hash = "sha256:ffd4d7cb2e6c6e100e2b39606d38a9ffc934e18593dc9bb326196afc7d93ce3d"},
    {file = "pymongo-4.7.2-cp38-cp38-manylinux_2_17_s390x.manylinux2014_s390x.whl", hash = "sha256:9a8bd37f5dabc86efceb8d8cbff5969256523d42d08088f098753dba15f3b37a"},
    {file = "pymongo-4.7.2-cp38-cp38-manylinux_2_17_x86_64.manylinux2014_x86_64.whl", hash = "sha256:1c78f156edc59b905c80c9003e022e1a764c54fd40ac4fea05b0764f829790e2"},
    {file = "pymongo-4.7.2-cp38-cp38-manylinux_2_5_i686.manylinux1_i686.manylinux_2_17_i686.manylinux2014_i686.whl", hash = "sha256:9d892fb91e81cccb83f507cdb2ea0aa026ec3ced7f12a1d60f6a5bf0f20f9c1f"},
    {file = "pymongo-4.7.2-cp38-cp38-manylinux_2_5_i686.manylinux1_i686.whl", hash = "sha256:87832d6076c2c82f42870157414fd876facbb6554d2faf271ffe7f8f30ce7bed"},
    {file = "pymongo-4.7.2-cp38-cp38-manylinux_2_5_x86_64.manylinux1_x86_64.whl", hash = "sha256:ce1a374ea0e49808e0380ffc64284c0ce0f12bd21042b4bef1af3eb7bdf49054"},
    {file = "pymongo-4.7.2-cp38-cp38-win32.whl", hash = "sha256:eb0642e5f0dd7e86bb358749cc278e70b911e617f519989d346f742dc9520dfb"},
    {file = "pymongo-4.7.2-cp38-cp38-win_amd64.whl", hash = "sha256:4bdb5ffe1cd3728c9479671a067ef44dacafc3743741d4dc700c377c4231356f"},
    {file = "pymongo-4.7.2-cp39-cp39-macosx_10_9_x86_64.whl", hash = "sha256:743552033c63f0afdb56b9189ab04b5c1dbffd7310cf7156ab98eebcecf24621"},
    {file = "pymongo-4.7.2-cp39-cp39-macosx_11_0_arm64.whl", hash = "sha256:5239776633f7578b81207e5646245415a5a95f6ae5ef5dff8e7c2357e6264bfc"},
    {file = "pymongo-4.7.2-cp39-cp39-manylinux_2_17_aarch64.manylinux2014_aarch64.whl", hash = "sha256:727ad07952c155cd20045f2ce91143c7dc4fb01a5b4e8012905a89a7da554b0c"},
    {file = "pymongo-4.7.2-cp39-cp39-manylinux_2_17_ppc64le.manylinux2014_ppc64le.whl", hash = "sha256:9385654f01a90f73827af4db90c290a1519f7d9102ba43286e187b373e9a78e9"},
    {file = "pymongo-4.7.2-cp39-cp39-manylinux_2_17_s390x.manylinux2014_s390x.whl", hash = "sha256:0d833651f1ba938bb7501f13e326b96cfbb7d98867b2d545ca6d69c7664903e0"},
    {file = "pymongo-4.7.2-cp39-cp39-manylinux_2_17_x86_64.manylinux2014_x86_64.whl", hash = "sha256:cf17ea9cea14d59b0527403dd7106362917ced7c4ec936c4ba22bd36c912c8e0"},
    {file = "pymongo-4.7.2-cp39-cp39-manylinux_2_5_i686.manylinux1_i686.manylinux_2_17_i686.manylinux2014_i686.whl", hash = "sha256:cecd2df037249d1c74f0af86fb5b766104a5012becac6ff63d85d1de53ba8b98"},
    {file = "pymongo-4.7.2-cp39-cp39-manylinux_2_5_i686.manylinux1_i686.whl", hash = "sha256:65b4c00dedbd333698b83cd2095a639a6f0d7c4e2a617988f6c65fb46711f028"},
    {file = "pymongo-4.7.2-cp39-cp39-manylinux_2_5_x86_64.manylinux1_x86_64.whl", hash = "sha256:d9b6cbc037108ff1a0a867e7670d8513c37f9bcd9ee3d2464411bfabf70ca002"},
    {file = "pymongo-4.7.2-cp39-cp39-win32.whl", hash = "sha256:cf28430ec1924af1bffed37b69a812339084697fd3f3e781074a0148e6475803"},
    {file = "pymongo-4.7.2-cp39-cp39-win_amd64.whl", hash = "sha256:e004527ea42a6b99a8b8d5b42b42762c3bdf80f88fbdb5c3a9d47f3808495b86"},
    {file = "pymongo-4.7.2.tar.gz", hash = "sha256:9024e1661c6e40acf468177bf90ce924d1bc681d2b244adda3ed7b2f4c4d17d7"},
]

[package.dependencies]
dnspython = ">=1.16.0,<3.0.0"

[package.extras]
aws = ["pymongo-auth-aws (>=1.1.0,<2.0.0)"]
encryption = ["certifi", "pymongo-auth-aws (>=1.1.0,<2.0.0)", "pymongocrypt (>=1.6.0,<2.0.0)"]
gssapi = ["pykerberos", "winkerberos (>=0.5.0)"]
ocsp = ["certifi", "cryptography (>=2.5)", "pyopenssl (>=17.2.0)", "requests (<3.0.0)", "service-identity (>=18.1.0)"]
snappy = ["python-snappy"]
test = ["pytest (>=7)"]
zstd = ["zstandard"]

[[package]]
name = "pyrofork"
version = "2.3.21.post3"
description = "Fork of pyrogram. Elegant, modern and asynchronous Telegram MTProto API framework in Python for users and bots"
optional = false
python-versions = "~=3.8"
files = [
    {file = "pyrofork-2.3.21.post3-py3-none-any.whl", hash = "sha256:ee658bd28498c97fe61f8920a1051c1c59fb8a2db2084e3cfab41e2ee494b373"},
    {file = "pyrofork-2.3.21.post3.tar.gz", hash = "sha256:67fc61231ba1ea9780647a7ced46e4061824c9b70eeea41b924738bcf10976f0"},
]

[package.dependencies]
pyaes = "1.6.1"
pymediainfo-pyrofork = ">=6.0.1,<7.0.0"
pysocks = "1.7.1"

[package.extras]
dev = ["hatch (>=1.7.0)", "pytest (>=7.4.3)", "pytest-asyncio (>=0.21.1)", "pytest-cov (>=4.1.0)", "twine (>=4.0.2)"]
docs = ["sphinx", "sphinx-autobuild", "sphinx-copybutton", "sphinx-immaterial (==0.11.11)", "tornado (>=6.3.3)"]
speedup = ["tgcrypto-pyrofork (>=1.2.6)", "uvloop (>=0.19.0)"]

[[package]]
name = "pysocks"
version = "1.7.1"
description = "A Python SOCKS client module. See https://github.com/Anorov/PySocks for more information."
optional = false
python-versions = ">=2.7, !=3.0.*, !=3.1.*, !=3.2.*, !=3.3.*"
files = [
    {file = "PySocks-1.7.1-py27-none-any.whl", hash = "sha256:08e69f092cc6dbe92a0fdd16eeb9b9ffbc13cadfe5ca4c7bd92ffb078b293299"},
    {file = "PySocks-1.7.1-py3-none-any.whl", hash = "sha256:2725bd0a9925919b9b51739eea5f9e2bae91e83288108a9ad338b2e3a4435ee5"},
    {file = "PySocks-1.7.1.tar.gz", hash = "sha256:3f8804571ebe159c380ac6de37643bb4685970655d3bba243530d6558b799aa0"},
]

[[package]]
name = "python-dotenv"
version = "1.0.1"
description = "Read key-value pairs from a .env file and set them as environment variables"
optional = false
python-versions = ">=3.8"
files = [
    {file = "python-dotenv-1.0.1.tar.gz", hash = "sha256:e324ee90a023d808f1959c46bcbc04446a10ced277783dc6ee09987c37ec10ca"},
    {file = "python_dotenv-1.0.1-py3-none-any.whl", hash = "sha256:f7b63ef50f1b690dddf550d03497b66d609393b40b564ed0d674909a68ebf16a"},
]

[package.extras]
cli = ["click (>=5.0)"]

[[package]]
name = "tgcrypto-pyrofork"
version = "1.2.6"
description = "Fast and Portable Cryptography Extension Library for Pyrofork"
optional = false
python-versions = "~=3.8"
files = [
    {file = "TgCrypto_pyrofork-1.2.6-cp310-cp310-macosx_10_9_universal2.whl", hash = "sha256:c30c7afb57fa7a7beab2af12b7468542f388de4eb4a755a5141957e641c2b53f"},
    {file = "TgCrypto_pyrofork-1.2.6-cp310-cp310-macosx_10_9_x86_64.whl", hash = "sha256:5ec9bf058e7701e111ee21cb4476d373413b8f12dd50876e3d2f9dc744d92b3b"},
    {file = "TgCrypto_pyrofork-1.2.6-cp310-cp310-macosx_11_0_arm64.whl", hash = "sha256:386a0d08171b0cacf0115531512abb0fa5b600e46d9c020bca52a37058cc8036"},
    {file = "TgCrypto_pyrofork-1.2.6-cp310-cp310-manylinux_2_17_x86_64.manylinux2014_x86_64.whl", hash = "sha256:be29c15fbc8e81e5b3e70caf51f1fcf6b2ee791fe8eeb195e91a2e52c21d28e9"},
    {file = "TgCrypto_pyrofork-1.2.6-cp310-cp310-manylinux_2_5_i686.manylinux1_i686.manylinux_2_17_i686.manylinux2014_i686.whl", hash = "sha256:dc9df6d8c628bf3d2993acaf19940d0675267f93a667c8776af434e0336face1"},
    {file = "TgCrypto_pyrofork-1.2.6-cp310-cp310-musllinux_1_1_i686.whl", hash = "sha256:d1d48f371cdaa2f5320fa69eaed4b0f386c067c6f62934d728c9484c0477f2e4"},
    {file = "TgCrypto_pyrofork-1.2.6-cp310-cp310-musllinux_1_1_x86_64.whl", hash = "sha256:a5988dfae327466a3a69d700e96265c093a0d28b2bdfb1d023e85f03a051426d"},
    {file = "TgCrypto_pyrofork-1.2.6-cp310-cp310-win32.whl", hash = "sha256:cc2d0373e4d586192dc913b814b29bea26b67fc101dfb94b06ae968af1ae3818"},
    {file = "TgCrypto_pyrofork-1.2.6-cp310-cp310-win_amd64.whl", hash = "sha256:fa9f15908f105cd85dd737938c8fa5c0152b2e21c728781cc8d5e85e516ea4cc"},
    {file = "TgCrypto_pyrofork-1.2.6-cp311-cp311-macosx_10_9_universal2.whl", hash = "sha256:764cb9cddd568a06ef39e97b8216b3cebd9be46d2aa7b6fbdad060884a591556"},
    {file = "TgCrypto_pyrofork-1.2.6-cp311-cp311-macosx_10_9_x86_64.whl", hash = "sha256:370f3e5a026476ac9234f15995dad5a3e363503459b4a69a33a8de5ec72e0f67"},
    {file = "TgCrypto_pyrofork-1.2.6-cp311-cp311-macosx_11_0_arm64.whl", hash = "sha256:97b3871e096dafab03448b5dacf624f8407b8e4d2d8347c8293b1611d07f7937"},
    {file = "TgCrypto_pyrofork-1.2.6-cp311-cp311-manylinux_2_17_x86_64.manylinux2014_x86_64.whl", hash = "sha256:7a1339a6e86ebb04092e09f8e6a150d10afc1e4acaeb91e65b01dd85ab7042dd"},
    {file = "TgCrypto_pyrofork-1.2.6-cp311-cp311-manylinux_2_5_i686.manylinux1_i686.manylinux_2_17_i686.manylinux2014_i686.whl", hash = "sha256:489225ea5bc5d9b590888e961928994ddea14da7de20e936bc5c0e3823d63d58"},
    {file = "TgCrypto_pyrofork-1.2.6-cp311-cp311-musllinux_1_1_i686.whl", hash = "sha256:82283b8797fd9ff27b4318a606e97e66197726333696bebef7b3ce709d9b3395"},
    {file = "TgCrypto_pyrofork-1.2.6-cp311-cp311-musllinux_1_1_x86_64.whl", hash = "sha256:05f394449315b22299d9b506813c00d69c7069a3522cf98792b6f36f6c9b6a82"},
    {file = "TgCrypto_pyrofork-1.2.6-cp311-cp311-win32.whl", hash = "sha256:26a16e88b845c3f384cf74152572982d99f5315ae9dd635b923aef38e46c26f0"},
    {file = "TgCrypto_pyrofork-1.2.6-cp311-cp311-win_amd64.whl", hash = "sha256:c388d8e9676258c9d9294f8a9b2a38664e1d901ff1b96fc0c65732c80e4389b4"},
    {file = "TgCrypto_pyrofork-1.2.6-cp312-cp312-macosx_10_9_universal2.whl", hash = "sha256:d9bce7c7bf8d71e04be75927b9fcb1f8b2ef29bd8091c459004c2dab07cfd341"},
    {file = "TgCrypto_pyrofork-1.2.6-cp312-cp312-macosx_10_9_x86_64.whl", hash = "sha256:6f7f83b5bbad015487b17c18ec6cd0a47b4aa277d5f9fb59fa0cdbd48815349a"},
    {file = "TgCrypto_pyrofork-1.2.6-cp312-cp312-macosx_11_0_arm64.whl", hash = "sha256:a7bc307d47c9945d27c3aec77f5053e87a48f59562af07da4b74b0bb897df74a"},
    {file = "TgCrypto_pyrofork-1.2.6-cp312-cp312-manylinux_2_17_x86_64.manylinux2014_x86_64.whl", hash = "sha256:869f5afaf60714ed469de2941bd68214e34b3353562610af2d46bd9dfa0e15d4"},
    {file = "TgCrypto_pyrofork-1.2.6-cp312-cp312-manylinux_2_5_i686.manylinux1_i686.manylinux_2_17_i686.manylinux2014_i686.whl", hash = "sha256:3d8b414330a9ff29bbfb91577c23a908f791fef4ff14531a30ff0c9020c9593c"},
    {file = "TgCrypto_pyrofork-1.2.6-cp312-cp312-musllinux_1_1_i686.whl", hash = "sha256:566a2a2e43eb0164d40cbe0183337b8bd8c4d33dd700b4a820becfbe439e3a2c"},
    {file = "TgCrypto_pyrofork-1.2.6-cp312-cp312-musllinux_1_1_x86_64.whl", hash = "sha256:d6e875f8c5aca85927a9a04eeecfebee6a8e6b44089a9f55797c495228a77a66"},
    {file = "TgCrypto_pyrofork-1.2.6-cp312-cp312-win32.whl", hash = "sha256:5f35b4d3569a8558b62e4686095cbb69c3bdc9fd075a2cab450e76d091e2c105"},
    {file = "TgCrypto_pyrofork-1.2.6-cp312-cp312-win_amd64.whl", hash = "sha256:8bcd529db8dc76bb48556c38136b2d232b1cf60b3da4f6e8cacf7d41264f370e"},
    {file = "TgCrypto_pyrofork-1.2.6-cp38-cp38-macosx_10_9_universal2.whl", hash = "sha256:c7dff09a94e58f517d1d52335d9050bc7fdb6d95ec690898f717d85a72e18b84"},
    {file = "TgCrypto_pyrofork-1.2.6-cp38-cp38-macosx_10_9_x86_64.whl", hash = "sha256:bc29d4ba161b17f94fcd98b2b61b8bc6396d7db3d38cf217a9501e5a2ce97f13"},
    {file = "TgCrypto_pyrofork-1.2.6-cp38-cp38-macosx_11_0_arm64.whl", hash = "sha256:ace5c42608c93ad482933c33ff9e03a74782cdc1dd1a6854e1dd99980fb275d1"},
    {file = "TgCrypto_pyrofork-1.2.6-cp38-cp38-manylinux_2_17_x86_64.manylinux2014_x86_64.whl", hash = "sha256:ff2f659953285c7dedc5a745b18f75a6c06ee0cf57a5ea8dbff459a9c7a3c323"},
    {file = "TgCrypto_pyrofork-1.2.6-cp38-cp38-manylinux_2_5_i686.manylinux1_i686.manylinux_2_17_i686.manylinux2014_i686.whl", hash = "sha256:47986614252dcdbcd89aef9f5ee223d0d1af0ab9dc3a3a3d98d60489d1d5d1b1"},
    {file = "TgCrypto_pyrofork-1.2.6-cp38-cp38-musllinux_1_1_i686.whl", hash = "sha256:7e820f51d5aa8aea853b898dcd21a9070b463c86f6db39174b7fdd8b221ffd8f"},
    {file = "TgCrypto_pyrofork-1.2.6-cp38-cp38-musllinux_1_1_x86_64.whl", hash = "sha256:6d38f916b61614ffd7dbfca5d29f765f0c6153751430e4476ac4acff8318dce3"},
    {file = "TgCrypto_pyrofork-1.2.6-cp38-cp38-win32.whl", hash = "sha256:1bc27a1865a928a7428b143ae8b291b550e8d9d64b980c142942900bae667729"},
    {file = "TgCrypto_pyrofork-1.2.6-cp38-cp38-win_amd64.whl", hash = "sha256:772385248ca67dfd5e1c044f1dd5a0df67182c54441b98c06002077822d605f4"},
    {file = "TgCrypto_pyrofork-1.2.6-cp39-cp39-macosx_10_9_universal2.whl", hash = "sha256:966346cac896c701e140af8a235ff79456e640e078b7ef7fa6df407ff72fc05a"},
    {file = "TgCrypto_pyrofork-1.2.6-cp39-cp39-macosx_10_9_x86_64.whl", hash = "sha256:e32477ec43b6c30ef19e96fe7dc282d58d4135fad65bf05fd0c3717ee126fba9"},
    {file = "TgCrypto_pyrofork-1.2.6-cp39-cp39-macosx_11_0_arm64.whl", hash = "sha256:f2f869110b0f4ec763460c0cf3784d55c629fb8cc5cc7144a394ce765b0660a4"},
    {file = "TgCrypto_pyrofork-1.2.6-cp39-cp39-manylinux_2_17_x86_64.manylinux2014_x86_64.whl", hash = "sha256:32c9210b65735c37b7e27e77e92735a0c346179cf242d1fdf703cbb252cc3113"},
    {file = "TgCrypto_pyrofork-1.2.6-cp39-cp39-manylinux_2_5_i686.manylinux1_i686.manylinux_2_17_i686.manylinux2014_i686.whl", hash = "sha256:c370ed8ac3b5c8222fe595406ae62e366d331ff0c4e796420465bfc1a5f33a7c"},
    {file = "TgCrypto_pyrofork-1.2.6-cp39-cp39-musllinux_1_1_i686.whl", hash = "sha256:d1fb40de3bb79994cfe31866851e176a4fa3be441aa69ad8d7e6ff5fcd5704c3"},
    {file = "TgCrypto_pyrofork-1.2.6-cp39-cp39-musllinux_1_1_x86_64.whl", hash = "sha256:97bf46f6fc9976dcd35bcff25ca740040f197d048b3756a38d43c793b74ceda9"},
    {file = "TgCrypto_pyrofork-1.2.6-cp39-cp39-win32.whl", hash = "sha256:1f2678af8014934fba97419c6e2488b467ffd9216947dda71b7cb33df9134917"},
    {file = "TgCrypto_pyrofork-1.2.6-cp39-cp39-win_amd64.whl", hash = "sha256:8db1834d33050b405cd0fca31040bfa90e6ebb184b84343c3ae05d785a4cc406"},
    {file = "TgCrypto_pyrofork-1.2.6-pp310-pypy310_pp73-macosx_10_9_x86_64.whl", hash = "sha256:ee8a942c121c2716b0a8b78230bb4cb1a4645641a4a1d0562dcfaf0ef8e93bff"},
    {file = "TgCrypto_pyrofork-1.2.6-pp310-pypy310_pp73-manylinux_2_17_x86_64.manylinux2014_x86_64.whl", hash = "sha256:17360ce41d1af4aab617a3e6df304361ca1638e879b70eaaa93b1d9a5af2ed71"},
    {file = "TgCrypto_pyrofork-1.2.6-pp310-pypy310_pp73-manylinux_2_5_i686.manylinux1_i686.manylinux_2_17_i686.manylinux2014_i686.whl", hash = "sha256:9e67a014aa09f155ce3f5cd7ea56c81395ddd5cf455c9a4489b8a74a60d4a29d"},
    {file = "TgCrypto_pyrofork-1.2.6-pp310-pypy310_pp73-win_amd64.whl", hash = "sha256:90fec9d35b6822c35118a8f342bb90eb18dc5c14e7674b40e1fa6435a08141c8"},
    {file = "TgCrypto_pyrofork-1.2.6-pp38-pypy38_pp73-macosx_10_9_x86_64.whl", hash = "sha256:14daaad587a5c7c0a4f9a67b8245701f9bb527f42473a22843945b0e695903d9"},
    {file = "TgCrypto_pyrofork-1.2.6-pp38-pypy38_pp73-manylinux_2_17_x86_64.manylinux2014_x86_64.whl", hash = "sha256:4b1d1e3505cd6deba99df3125f07ad47ac6d996a98463ec14e48bd8e3fc42e15"},
    {file = "TgCrypto_pyrofork-1.2.6-pp38-pypy38_pp73-manylinux_2_5_i686.manylinux1_i686.manylinux_2_17_i686.manylinux2014_i686.whl", hash = "sha256:9678c4ac969aec333e4c4bca475b182bb4416962dc72804ea90add9d45a02c16"},
    {file = "TgCrypto_pyrofork-1.2.6-pp38-pypy38_pp73-win_amd64.whl", hash = "sha256:d98a58dac1c9b665aca3f89d8964d13be0be9d09b064be83ed48be8828e712c9"},
    {file = "TgCrypto_pyrofork-1.2.6-pp39-pypy39_pp73-macosx_10_9_x86_64.whl", hash = "sha256:82f281678609091bb2d2f599cd09ab1ea599a6fd23ed19d929d42f6eeb9f7e05"},
    {file = "TgCrypto_pyrofork-1.2.6-pp39-pypy39_pp73-manylinux_2_17_x86_64.manylinux2014_x86_64.whl", hash = "sha256:6a099f22cc342ee5818268f1de0f2fd5dfe3fa04527d01db9e48f6b38a236423"},
    {file = "TgCrypto_pyrofork-1.2.6-pp39-pypy39_pp73-manylinux_2_5_i686.manylinux1_i686.manylinux_2_17_i686.manylinux2014_i686.whl", hash = "sha256:64176a1014c4693e0bcd4601cff3e2b6ce8b89db1caa21b8520ce4d822665f40"},
    {file = "TgCrypto_pyrofork-1.2.6-pp39-pypy39_pp73-win_amd64.whl", hash = "sha256:0a1ab7e4bb62c51d17f0eff0d6358d32c837e1e85476b1e59dff5cc59534d004"},
]

[[package]]
name = "uvloop"
version = "0.19.0"
description = "Fast implementation of asyncio event loop on top of libuv"
optional = false
python-versions = ">=3.8.0"
files = [
    {file = "uvloop-0.19.0-cp310-cp310-macosx_10_9_universal2.whl", hash = "sha256:de4313d7f575474c8f5a12e163f6d89c0a878bc49219641d49e6f1444369a90e"},
    {file = "uvloop-0.19.0-cp310-cp310-macosx_10_9_x86_64.whl", hash = "sha256:5588bd21cf1fcf06bded085f37e43ce0e00424197e7c10e77afd4bbefffef428"},
    {file = "uvloop-0.19.0-cp310-cp310-manylinux_2_17_aarch64.manylinux2014_aarch64.whl", hash = "sha256:7b1fd71c3843327f3bbc3237bedcdb6504fd50368ab3e04d0410e52ec293f5b8"},
    {file = "uvloop-0.19.0-cp310-cp310-manylinux_2_17_x86_64.manylinux2014_x86_64.whl", hash = "sha256:5a05128d315e2912791de6088c34136bfcdd0c7cbc1cf85fd6fd1bb321b7c849"},
    {file = "uvloop-0.19.0-cp310-cp310-musllinux_1_1_aarch64.whl", hash = "sha256:cd81bdc2b8219cb4b2556eea39d2e36bfa375a2dd021404f90a62e44efaaf957"},
    {file = "uvloop-0.19.0-cp310-cp310-musllinux_1_1_x86_64.whl", hash = "sha256:5f17766fb6da94135526273080f3455a112f82570b2ee5daa64d682387fe0dcd"},
    {file = "uvloop-0.19.0-cp311-cp311-macosx_10_9_universal2.whl", hash = "sha256:4ce6b0af8f2729a02a5d1575feacb2a94fc7b2e983868b009d51c9a9d2149bef"},
    {file = "uvloop-0.19.0-cp311-cp311-macosx_10_9_x86_64.whl", hash = "sha256:31e672bb38b45abc4f26e273be83b72a0d28d074d5b370fc4dcf4c4eb15417d2"},
    {file = "uvloop-0.19.0-cp311-cp311-manylinux_2_17_aarch64.manylinux2014_aarch64.whl", hash = "sha256:570fc0ed613883d8d30ee40397b79207eedd2624891692471808a95069a007c1"},
    {file = "uvloop-0.19.0-cp311-cp311-manylinux_2_17_x86_64.manylinux2014_x86_64.whl", hash = "sha256:5138821e40b0c3e6c9478643b4660bd44372ae1e16a322b8fc07478f92684e24"},
    {file = "uvloop-0.19.0-cp311-cp311-musllinux_1_1_aarch64.whl", hash = "sha256:91ab01c6cd00e39cde50173ba4ec68a1e578fee9279ba64f5221810a9e786533"},
    {file = "uvloop-0.19.0-cp311-cp311-musllinux_1_1_x86_64.whl", hash = "sha256:47bf3e9312f63684efe283f7342afb414eea4d3011542155c7e625cd799c3b12"},
    {file = "uvloop-0.19.0-cp312-cp312-macosx_10_9_universal2.whl", hash = "sha256:da8435a3bd498419ee8c13c34b89b5005130a476bda1d6ca8cfdde3de35cd650"},
    {file = "uvloop-0.19.0-cp312-cp312-macosx_10_9_x86_64.whl", hash = "sha256:02506dc23a5d90e04d4f65c7791e65cf44bd91b37f24cfc3ef6cf2aff05dc7ec"},
    {file = "uvloop-0.19.0-cp312-cp312-manylinux_2_17_aarch64.manylinux2014_aarch64.whl", hash = "sha256:2693049be9d36fef81741fddb3f441673ba12a34a704e7b4361efb75cf30befc"},
    {file = "uvloop-0.19.0-cp312-cp312-manylinux_2_17_x86_64.manylinux2014_x86_64.whl", hash = "sha256:7010271303961c6f0fe37731004335401eb9075a12680738731e9c92ddd96ad6"},
    {file = "uvloop-0.19.0-cp312-cp312-musllinux_1_1_aarch64.whl", hash = "sha256:5daa304d2161d2918fa9a17d5635099a2f78ae5b5960e742b2fcfbb7aefaa593"},
    {file = "uvloop-0.19.0-cp312-cp312-musllinux_1_1_x86_64.whl", hash = "sha256:7207272c9520203fea9b93843bb775d03e1cf88a80a936ce760f60bb5add92f3"},
    {file = "uvloop-0.19.0-cp38-cp38-macosx_10_9_universal2.whl", hash = "sha256:78ab247f0b5671cc887c31d33f9b3abfb88d2614b84e4303f1a63b46c046c8bd"},
    {file = "uvloop-0.19.0-cp38-cp38-macosx_10_9_x86_64.whl", hash = "sha256:472d61143059c84947aa8bb74eabbace30d577a03a1805b77933d6bd13ddebbd"},
    {file = "uvloop-0.19.0-cp38-cp38-manylinux_2_17_aarch64.manylinux2014_aarch64.whl", hash = "sha256:45bf4c24c19fb8a50902ae37c5de50da81de4922af65baf760f7c0c42e1088be"},
    {file = "uvloop-0.19.0-cp38-cp38-manylinux_2_17_x86_64.manylinux2014_x86_64.whl", hash = "sha256:271718e26b3e17906b28b67314c45d19106112067205119dddbd834c2b7ce797"},
    {file = "uvloop-0.19.0-cp38-cp38-musllinux_1_1_aarch64.whl", hash = "sha256:34175c9fd2a4bc3adc1380e1261f60306344e3407c20a4d684fd5f3be010fa3d"},
    {file = "uvloop-0.19.0-cp38-cp38-musllinux_1_1_x86_64.whl", hash = "sha256:e27f100e1ff17f6feeb1f33968bc185bf8ce41ca557deee9d9bbbffeb72030b7"},
    {file = "uvloop-0.19.0-cp39-cp39-macosx_10_9_universal2.whl", hash = "sha256:13dfdf492af0aa0a0edf66807d2b465607d11c4fa48f4a1fd41cbea5b18e8e8b"},
    {file = "uvloop-0.19.0-cp39-cp39-macosx_10_9_x86_64.whl", hash = "sha256:6e3d4e85ac060e2342ff85e90d0c04157acb210b9ce508e784a944f852a40e67"},
    {file = "uvloop-0.19.0-cp39-cp39-manylinux_2_17_aarch64.manylinux2014_aarch64.whl", hash = "sha256:8ca4956c9ab567d87d59d49fa3704cf29e37109ad348f2d5223c9bf761a332e7"},
    {file = "uvloop-0.19.0-cp39-cp39-manylinux_2_17_x86_64.manylinux2014_x86_64.whl", hash = "sha256:f467a5fd23b4fc43ed86342641f3936a68ded707f4627622fa3f82a120e18256"},
    {file = "uvloop-0.19.0-cp39-cp39-musllinux_1_1_aarch64.whl", hash = "sha256:492e2c32c2af3f971473bc22f086513cedfc66a130756145a931a90c3958cb17"},
    {file = "uvloop-0.19.0-cp39-cp39-musllinux_1_1_x86_64.whl", hash = "sha256:2df95fca285a9f5bfe730e51945ffe2fa71ccbfdde3b0da5772b4ee4f2e770d5"},
    {file = "uvloop-0.19.0.tar.gz", hash = "sha256:0246f4fd1bf2bf702e06b0d45ee91677ee5c31242f39aab4ea6fe0c51aedd0fd"},
]

[package.extras]
docs = ["Sphinx (>=4.1.2,<4.2.0)", "sphinx-rtd-theme (>=0.5.2,<0.6.0)", "sphinxcontrib-asyncio (>=0.3.0,<0.4.0)"]
test = ["Cython (>=0.29.36,<0.30.0)", "aiohttp (==3.9.0b0)", "aiohttp (>=3.8.1)", "flake8 (>=5.0,<6.0)", "mypy (>=0.800)", "psutil", "pyOpenSSL (>=23.0.0,<23.1.0)", "pycodestyle (>=2.9.0,<2.10.0)"]

[metadata]
lock-version = "2.0"
python-versions = "^3.10"
content-hash = "87370295980af1b02895230910a1b81983d9ae02dec0e79e89d1c04faa5b3b4a"
